dependencies:
- name: arubacloud-resource-operator-crd
  repository: file://../arubacloud-resource-operator-crd
  version: 1.0.0
- name: vault
  repository: https://helm.releases.hashicorp.com
  version: 0.32.0
digest: sha256:cccf6344250cb383111cd808f9ee7825e6f8252a93372802216ee43590de13b2
generated: "2026-07-27T11:37:34.84550006+02:00"
