dependencies:
- name: arubacloud-resource-operator-crd
  repository: file://../arubacloud-resource-operator-crd
  version: 0.1.1
- name: vault
  repository: https://helm.releases.hashicorp.com
  version: 0.32.0
digest: sha256:5944672e1dfd1ea357c8f9238c4e0ea5bd62b472de537ec5cca53bfa078a12a8
generated: "2026-04-20T14:59:38.5554782+02:00"
